{
  "name": "bloom-player-dependencies",
  "version": "0.1.0",
  "lockfileVersion": 1,
  "requires": true,
  "dependencies": {
    "bloom-player": {
      "version": "2.0.91",
      "resolved": "https://registry.npmjs.org/bloom-player/-/bloom-player-2.0.91.tgz",
      "integrity": "sha512-Y1KXPnjw3bM5ZPS/H+ope98ut+RAOMHaXllcmyLNLPt3EuBkkEB3wybdxzzyJGvU8URa82XTMdlUt2Eam3/PqA==",
      "requires": {
        "dynamic-import-polyfill": "^0.1.1",
        "jquery.nicescroll": "^3.7.6"
      }
    },
    "dynamic-import-polyfill": {
      "version": "0.1.1",
      "resolved": "https://registry.npmjs.org/dynamic-import-polyfill/-/dynamic-import-polyfill-0.1.1.tgz",
      "integrity": "sha512-m953zv0w5oDagTItWm6Auhmk/pY7EiejaqiVbnzSS3HIjh1FCUeK7WzuaVtWPNs58A+/xpIE+/dVk6pKsrua8g=="
    },
    "jquery": {
      "version": "3.6.0",
      "resolved": "https://registry.npmjs.org/jquery/-/jquery-3.6.0.tgz",
      "integrity": "sha512-JVzAR/AjBvVt2BmYhxRCSYysDsPcssdmTFnzyLEts9qNwmjmu4JTAMYubEfwVOSwpQ1I1sKKFcxhZCI2buerfw=="
    },
    "jquery.nicescroll": {
      "version": "3.7.6",
      "resolved": "https://registry.npmjs.org/jquery.nicescroll/-/jquery.nicescroll-3.7.6.tgz",
      "integrity": "sha1-r+/z6AZY2r5PeNLS6EJQBg/qCFI=",
      "requires": {
        "jquery": ">=1.8.3"
      }
    }
  }
}
