# THIS IS AN AUTOGENERATED FILE. DO NOT EDIT THIS FILE DIRECTLY.
# yarn lockfile v1


bloom-player@1.1.51:
  version "1.1.51"
  resolved "https://registry.yarnpkg.com/bloom-player/-/bloom-player-1.1.51.tgz#06ad1a5ed98592a2dc3a501f6188542c12bc5587"
  integrity sha512-Del9n+VzUC/R5xiymqc1NbKNyrYA6btB507qEiQoF3yAfqvq8zsk+miI/MU4My9rEtQcmXgTJ7/r6EMA6tFV/Q==
  dependencies:
    dynamic-import-polyfill "^0.1.1"

dynamic-import-polyfill@^0.1.1:
  version "0.1.1"
  resolved "https://registry.yarnpkg.com/dynamic-import-polyfill/-/dynamic-import-polyfill-0.1.1.tgz#e1f9eb1876ee242bd56572f8ed4df768e143083f"
  integrity sha512-m953zv0w5oDagTItWm6Auhmk/pY7EiejaqiVbnzSS3HIjh1FCUeK7WzuaVtWPNs58A+/xpIE+/dVk6pKsrua8g==
