# THIS IS AN AUTOGENERATED FILE. DO NOT EDIT THIS FILE DIRECTLY.
# yarn lockfile v1


bloom-player@^2.9.1-alpha.1:
  version "2.9.5"
  resolved "https://registry.yarnpkg.com/bloom-player/-/bloom-player-2.9.5.tgz#fa38240c76fe77b58dacb4a1f18ff89530ca78d4"
  integrity sha512-S3YFgCFRcKuyoKUv0nhIk32C5KLgrtwtLEzpbVFkMF3iC4jvZ3tw91ElaYVY/GCv0iup5gNj69nuBTkq2kshlg==
