# THIS IS AN AUTOGENERATED FILE. DO NOT EDIT THIS FILE DIRECTLY.
# yarn lockfile v1


bloom-player@2.15.4:
  version "2.15.4"
  resolved "https://registry.yarnpkg.com/bloom-player/-/bloom-player-2.15.4.tgz#9e6cd667bed0106a314581a66fff528438ab2e51"
  integrity sha512-ESv52m+60U667Ty59pU496PsXPw8naUN8bk2as6jKQP5AfVm4NxJxHlFoTRDbRToSZkmU4ro8SPZFD5Wrcg7WA==
